
Microsoft Visual Studio Solution File, Format Version 12.00
# Visual Studio Version 17
VisualStudioVersion = 17.9.34902.65
MinimumVisualStudioVersion = 10.0.40219.1
Project("{FAE04EC0-301F-11D3-BF4B-00C04F79EFBC}") = "Chromium-Trex-Dino-Game", "Chromium-Trex-Dino-Game.csproj", "{B49D07FC-0C13-44B9-803D-EEEDD726F394}"
EndProject
Global
	GlobalSection(SolutionConfigurationPlatforms) = preSolution
		Debug|Any CPU = Debug|Any CPU
		Release|Any CPU = Release|Any CPU
	EndGlobalSection
	GlobalSection(ProjectConfigurationPlatforms) = postSolution
		{B49D07FC-0C13-44B9-803D-EEEDD726F394}.Debug|Any CPU.ActiveCfg = Debug|Any CPU
		{B49D07FC-0C13-44B9-803D-EEEDD726F394}.Debug|Any CPU.Build.0 = Debug|Any CPU
		{B49D07FC-0C13-44B9-803D-EEEDD726F394}.Release|Any CPU.ActiveCfg = Release|Any CPU
		{B49D07FC-0C13-44B9-803D-EEEDD726F394}.Release|Any CPU.Build.0 = Release|Any CPU
	EndGlobalSection
	GlobalSection(SolutionProperties) = preSolution
		HideSolutionNode = FALSE
	EndGlobalSection
	GlobalSection(ExtensibilityGlobals) = postSolution
		SolutionGuid = {4048F287-2569-4291-9EAF-21F058DD4930}
	EndGlobalSection
EndGlobal
